
Microsoft Visual Studio Solution File, Format Version 12.00
# Visual Studio 15
Project("{FAE04EC0-301F-11D3-BF4B-00C04F79EFBC}") = "Assembly-CSharp", "Assembly-CSharp.csproj", "{90CF0800-08E6-C02C-1540-769D2044482B}"
EndProject
Global
	GlobalSection(SolutionConfigurationPlatforms) = preSolution
		Debug|Any CPU = Debug|Any CPU
		Release|Any CPU = Release|Any CPU
	EndGlobalSection
	GlobalSection(ProjectConfigurationPlatforms) = postSolution
		{90CF0800-08E6-C02C-1540-769D2044482B}.Debug|Any CPU.ActiveCfg = Debug|Any CPU
		{90CF0800-08E6-C02C-1540-769D2044482B}.Debug|Any CPU.Build.0 = Debug|Any CPU
		{90CF0800-08E6-C02C-1540-769D2044482B}.Release|Any CPU.ActiveCfg = Release|Any CPU
		{90CF0800-08E6-C02C-1540-769D2044482B}.Release|Any CPU.Build.0 = Release|Any CPU
	EndGlobalSection
	GlobalSection(SolutionProperties) = preSolution
		HideSolutionNode = FALSE
	EndGlobalSection
EndGlobal
